
Microsoft Visual Studio Solution File, Format Version 12.00
# Visual Studio 15
VisualStudioVersion = 15.0.27428.2011
MinimumVisualStudioVersion = 10.0.40219.1
Project("{FAE04EC0-301F-11D3-BF4B-00C04F79EFBC}") = "RegnskabsApp", "RegnskabsApp\RegnskabsApp.csproj", "{F5B52F1E-4C51-41F2-8695-88548C2283CB}"
EndProject
Global
	GlobalSection(SolutionConfigurationPlatforms) = preSolution
		Debug|Any CPU = Debug|Any CPU
		Release|Any CPU = Release|Any CPU
	EndGlobalSection
	GlobalSection(ProjectConfigurationPlatforms) = postSolution
		{F5B52F1E-4C51-41F2-8695-88548C2283CB}.Debug|Any CPU.ActiveCfg = Debug|Any CPU
		{F5B52F1E-4C51-41F2-8695-88548C2283CB}.Debug|Any CPU.Build.0 = Debug|Any CPU
		{F5B52F1E-4C51-41F2-8695-88548C2283CB}.Release|Any CPU.ActiveCfg = Release|Any CPU
		{F5B52F1E-4C51-41F2-8695-88548C2283CB}.Release|Any CPU.Build.0 = Release|Any CPU
	EndGlobalSection
	GlobalSection(SolutionProperties) = preSolution
		HideSolutionNode = FALSE
	EndGlobalSection
	GlobalSection(ExtensibilityGlobals) = postSolution
		SolutionGuid = {87DE0CC7-C489-4AF9-B9A3-488B25A37FB9}
	EndGlobalSection
EndGlobal
